
Microsoft Visual Studio Solution File, Format Version 12.00
Project("{FAE04EC0-301F-11D3-BF4B-00C04F79EFBC}") = "HotelManagementSys.API", "HotelManagementSys.API\HotelManagementSys.API.csproj", "{3FA35F50-CD22-4025-9CA9-2CC89AC3FD90}"
EndProject
Global
	GlobalSection(SolutionConfigurationPlatforms) = preSolution
		Debug|Any CPU = Debug|Any CPU
		Release|Any CPU = Release|Any CPU
	EndGlobalSection
	GlobalSection(ProjectConfigurationPlatforms) = postSolution
		{3FA35F50-CD22-4025-9CA9-2CC89AC3FD90}.Debug|Any CPU.ActiveCfg = Debug|Any CPU
		{3FA35F50-CD22-4025-9CA9-2CC89AC3FD90}.Debug|Any CPU.Build.0 = Debug|Any CPU
		{3FA35F50-CD22-4025-9CA9-2CC89AC3FD90}.Release|Any CPU.ActiveCfg = Release|Any CPU
		{3FA35F50-CD22-4025-9CA9-2CC89AC3FD90}.Release|Any CPU.Build.0 = Release|Any CPU
	EndGlobalSection
EndGlobal
